
Microsoft Visual Studio Solution File, Format Version 12.00
# Visual Studio Version 17
VisualStudioVersion = 17.0.31903.59
MinimumVisualStudioVersion = 10.0.40219.1
Project("{FAE04EC0-301F-11D3-BF4B-00C04F79EFBC}") = "SekaiNoTabi.WEB", "SekaiNoTabi.WEB\SekaiNoTabi.WEB.csproj", "{9CF01E32-49E8-4405-BCD2-7E0AFBD20139}"
EndProject
Global
	GlobalSection(SolutionConfigurationPlatforms) = preSolution
		Debug|Any CPU = Debug|Any CPU
		Release|Any CPU = Release|Any CPU
	EndGlobalSection
	GlobalSection(SolutionProperties) = preSolution
		HideSolutionNode = FALSE
	EndGlobalSection
	GlobalSection(ProjectConfigurationPlatforms) = postSolution
		{9CF01E32-49E8-4405-BCD2-7E0AFBD20139}.Debug|Any CPU.ActiveCfg = Debug|Any CPU
		{9CF01E32-49E8-4405-BCD2-7E0AFBD20139}.Debug|Any CPU.Build.0 = Debug|Any CPU
		{9CF01E32-49E8-4405-BCD2-7E0AFBD20139}.Release|Any CPU.ActiveCfg = Release|Any CPU
		{9CF01E32-49E8-4405-BCD2-7E0AFBD20139}.Release|Any CPU.Build.0 = Release|Any CPU
	EndGlobalSection
EndGlobal
